
Microsoft Visual Studio Solution File, Format Version 12.00
# Visual Studio Express 14 for Windows Desktop
VisualStudioVersion = 14.0.25420.1
MinimumVisualStudioVersion = 10.0.40219.1
Project("{FAE04EC0-301F-11D3-BF4B-00C04F79EFBC}") = "AffiliateWindow", "AffiliateWindow\AffiliateWindow.csproj", "{984218D2-D709-437C-B07B-60B6FB5B1E07}"
EndProject
Project("{FAE04EC0-301F-11D3-BF4B-00C04F79EFBC}") = "AffiliateWindowWPF", "AffiliateWindowWPF\AffiliateWindowWPF.csproj", "{6BD96709-3D0D-4497-B209-B321C6559913}"
EndProject
Global
	GlobalSection(SolutionConfigurationPlatforms) = preSolution
		Debug|Any CPU = Debug|Any CPU
		Release|Any CPU = Release|Any CPU
	EndGlobalSection
	GlobalSection(ProjectConfigurationPlatforms) = postSolution
		{984218D2-D709-437C-B07B-60B6FB5B1E07}.Debug|Any CPU.ActiveCfg = Debug|Any CPU
		{984218D2-D709-437C-B07B-60B6FB5B1E07}.Debug|Any CPU.Build.0 = Debug|Any CPU
		{984218D2-D709-437C-B07B-60B6FB5B1E07}.Release|Any CPU.ActiveCfg = Release|Any CPU
		{984218D2-D709-437C-B07B-60B6FB5B1E07}.Release|Any CPU.Build.0 = Release|Any CPU
		{6BD96709-3D0D-4497-B209-B321C6559913}.Debug|Any CPU.ActiveCfg = Debug|Any CPU
		{6BD96709-3D0D-4497-B209-B321C6559913}.Debug|Any CPU.Build.0 = Debug|Any CPU
		{6BD96709-3D0D-4497-B209-B321C6559913}.Release|Any CPU.ActiveCfg = Release|Any CPU
		{6BD96709-3D0D-4497-B209-B321C6559913}.Release|Any CPU.Build.0 = Release|Any CPU
	EndGlobalSection
	GlobalSection(SolutionProperties) = preSolution
		HideSolutionNode = FALSE
	EndGlobalSection
EndGlobal
